
Microsoft Visual Studio Solution File, Format Version 12.00
# Visual Studio 15
VisualStudioVersion = 15.0.26124.0
MinimumVisualStudioVersion = 15.0.26124.0
Project("{FAE04EC0-301F-11D3-BF4B-00C04F79EFBC}") = "Domain", "Domain\Domain.csproj", "{0E886534-6399-4D22-9AD8-9FD971A9FBFB}"
EndProject
Project("{FAE04EC0-301F-11D3-BF4B-00C04F79EFBC}") = "Application", "Application\Application.csproj", "{DFD95CBA-F8E2-4E9F-811A-C2E6594A65DF}"
EndProject
Project("{FAE04EC0-301F-11D3-BF4B-00C04F79EFBC}") = "Persistence", "Persistence\Persistence.csproj", "{CA52D9B6-D913-46E9-83FC-CA1AEA64A6F9}"
EndProject
Project("{FAE04EC0-301F-11D3-BF4B-00C04F79EFBC}") = "API", "API\API.csproj", "{940460C7-59D6-4658-B8E9-5313E3321AA0}"
EndProject
Global
	GlobalSection(SolutionConfigurationPlatforms) = preSolution
		Debug|Any CPU = Debug|Any CPU
		Debug|x64 = Debug|x64
		Debug|x86 = Debug|x86
		Release|Any CPU = Release|Any CPU
		Release|x64 = Release|x64
		Release|x86 = Release|x86
	EndGlobalSection
	GlobalSection(SolutionProperties) = preSolution
		HideSolutionNode = FALSE
	EndGlobalSection
	GlobalSection(ProjectConfigurationPlatforms) = postSolution
		{0E886534-6399-4D22-9AD8-9FD971A9FBFB}.Debug|Any CPU.ActiveCfg = Debug|Any CPU
		{0E886534-6399-4D22-9AD8-9FD971A9FBFB}.Debug|Any CPU.Build.0 = Debug|Any CPU
		{0E886534-6399-4D22-9AD8-9FD971A9FBFB}.Debug|x64.ActiveCfg = Debug|Any CPU
		{0E886534-6399-4D22-9AD8-9FD971A9FBFB}.Debug|x64.Build.0 = Debug|Any CPU
		{0E886534-6399-4D22-9AD8-9FD971A9FBFB}.Debug|x86.ActiveCfg = Debug|Any CPU
		{0E886534-6399-4D22-9AD8-9FD971A9FBFB}.Debug|x86.Build.0 = Debug|Any CPU
		{0E886534-6399-4D22-9AD8-9FD971A9FBFB}.Release|Any CPU.ActiveCfg = Release|Any CPU
		{0E886534-6399-4D22-9AD8-9FD971A9FBFB}.Release|Any CPU.Build.0 = Release|Any CPU
		{0E886534-6399-4D22-9AD8-9FD971A9FBFB}.Release|x64.ActiveCfg = Release|Any CPU
		{0E886534-6399-4D22-9AD8-9FD971A9FBFB}.Release|x64.Build.0 = Release|Any CPU
		{0E886534-6399-4D22-9AD8-9FD971A9FBFB}.Release|x86.ActiveCfg = Release|Any CPU
		{0E886534-6399-4D22-9AD8-9FD971A9FBFB}.Release|x86.Build.0 = Release|Any CPU
		{DFD95CBA-F8E2-4E9F-811A-C2E6594A65DF}.Debug|Any CPU.ActiveCfg = Debug|Any CPU
		{DFD95CBA-F8E2-4E9F-811A-C2E6594A65DF}.Debug|Any CPU.Build.0 = Debug|Any CPU
		{DFD95CBA-F8E2-4E9F-811A-C2E6594A65DF}.Debug|x64.ActiveCfg = Debug|Any CPU
		{DFD95CBA-F8E2-4E9F-811A-C2E6594A65DF}.Debug|x64.Build.0 = Debug|Any CPU
		{DFD95CBA-F8E2-4E9F-811A-C2E6594A65DF}.Debug|x86.ActiveCfg = Debug|Any CPU
		{DFD95CBA-F8E2-4E9F-811A-C2E6594A65DF}.Debug|x86.Build.0 = Debug|Any CPU
		{DFD95CBA-F8E2-4E9F-811A-C2E6594A65DF}.Release|Any CPU.ActiveCfg = Release|Any CPU
		{DFD95CBA-F8E2-4E9F-811A-C2E6594A65DF}.Release|Any CPU.Build.0 = Release|Any CPU
		{DFD95CBA-F8E2-4E9F-811A-C2E6594A65DF}.Release|x64.ActiveCfg = Release|Any CPU
		{DFD95CBA-F8E2-4E9F-811A-C2E6594A65DF}.Release|x64.Build.0 = Release|Any CPU
		{DFD95CBA-F8E2-4E9F-811A-C2E6594A65DF}.Release|x86.ActiveCfg = Release|Any CPU
		{DFD95CBA-F8E2-4E9F-811A-C2E6594A65DF}.Release|x86.Build.0 = Release|Any CPU
		{CA52D9B6-D913-46E9-83FC-CA1AEA64A6F9}.Debug|Any CPU.ActiveCfg = Debug|Any CPU
		{CA52D9B6-D913-46E9-83FC-CA1AEA64A6F9}.Debug|Any CPU.Build.0 = Debug|Any CPU
		{CA52D9B6-D913-46E9-83FC-CA1AEA64A6F9}.Debug|x64.ActiveCfg = Debug|Any CPU
		{CA52D9B6-D913-46E9-83FC-CA1AEA64A6F9}.Debug|x64.Build.0 = Debug|Any CPU
		{CA52D9B6-D913-46E9-83FC-CA1AEA64A6F9}.Debug|x86.ActiveCfg = Debug|Any CPU
		{CA52D9B6-D913-46E9-83FC-CA1AEA64A6F9}.Debug|x86.Build.0 = Debug|Any CPU
		{CA52D9B6-D913-46E9-83FC-CA1AEA64A6F9}.Release|Any CPU.ActiveCfg = Release|Any CPU
		{CA52D9B6-D913-46E9-83FC-CA1AEA64A6F9}.Release|Any CPU.Build.0 = Release|Any CPU
		{CA52D9B6-D913-46E9-83FC-CA1AEA64A6F9}.Release|x64.ActiveCfg = Release|Any CPU
		{CA52D9B6-D913-46E9-83FC-CA1AEA64A6F9}.Release|x64.Build.0 = Release|Any CPU
		{CA52D9B6-D913-46E9-83FC-CA1AEA64A6F9}.Release|x86.ActiveCfg = Release|Any CPU
		{CA52D9B6-D913-46E9-83FC-CA1AEA64A6F9}.Release|x86.Build.0 = Release|Any CPU
		{940460C7-59D6-4658-B8E9-5313E3321AA0}.Debug|Any CPU.ActiveCfg = Debug|Any CPU
		{940460C7-59D6-4658-B8E9-5313E3321AA0}.Debug|Any CPU.Build.0 = Debug|Any CPU
		{940460C7-59D6-4658-B8E9-5313E3321AA0}.Debug|x64.ActiveCfg = Debug|Any CPU
		{940460C7-59D6-4658-B8E9-5313E3321AA0}.Debug|x64.Build.0 = Debug|Any CPU
		{940460C7-59D6-4658-B8E9-5313E3321AA0}.Debug|x86.ActiveCfg = Debug|Any CPU
		{940460C7-59D6-4658-B8E9-5313E3321AA0}.Debug|x86.Build.0 = Debug|Any CPU
		{940460C7-59D6-4658-B8E9-5313E3321AA0}.Release|Any CPU.ActiveCfg = Release|Any CPU
		{940460C7-59D6-4658-B8E9-5313E3321AA0}.Release|Any CPU.Build.0 = Release|Any CPU
		{940460C7-59D6-4658-B8E9-5313E3321AA0}.Release|x64.ActiveCfg = Release|Any CPU
		{940460C7-59D6-4658-B8E9-5313E3321AA0}.Release|x64.Build.0 = Release|Any CPU
		{940460C7-59D6-4658-B8E9-5313E3321AA0}.Release|x86.ActiveCfg = Release|Any CPU
		{940460C7-59D6-4658-B8E9-5313E3321AA0}.Release|x86.Build.0 = Release|Any CPU
	EndGlobalSection
EndGlobal
